
Microsoft Visual Studio Solution File, Format Version 12.00
# Visual Studio 15
VisualStudioVersion = 15.0.26430.16
MinimumVisualStudioVersion = 10.0.40219.1
Project("{FAE04EC0-301F-11D3-BF4B-00C04F79EFBC}") = "DevPodcasts.Web", "src\DevPodcasts.Web\DevPodcasts.Web.csproj", "{3B8BC306-1DCB-4CFB-83C9-511A6E95F455}"
EndProject
Project("{FAE04EC0-301F-11D3-BF4B-00C04F79EFBC}") = "DevPodcasts.ViewModels", "src\DevPodcasts.ViewModels\DevPodcasts.ViewModels.csproj", "{FC0B0EFF-2753-4F05-977D-E4F0FBC589F9}"
EndProject
Project("{FAE04EC0-301F-11D3-BF4B-00C04F79EFBC}") = "DevPodcasts.ServiceLayer", "src\DevPodcasts.ServiceLayer\DevPodcasts.ServiceLayer.csproj", "{3A347680-DB28-4AB0-99CF-7636EEAC7515}"
EndProject
Project("{FAE04EC0-301F-11D3-BF4B-00C04F79EFBC}") = "DevPodcasts.Repositories", "src\DevPodcasts.Repositories\DevPodcasts.Repositories.csproj", "{D4A10B8A-464F-4B49-99A5-33E6EE757852}"
EndProject
Project("{FAE04EC0-301F-11D3-BF4B-00C04F79EFBC}") = "DevPodcasts.Logging", "src\DevPodcasts.Logging\DevPodcasts.Logging.csproj", "{DADD403F-5DF9-48BE-9D19-68847B9767AA}"
EndProject
Project("{FAE04EC0-301F-11D3-BF4B-00C04F79EFBC}") = "DevPodcasts.Dtos", "src\DevPodcasts.Dtos\DevPodcasts.Dtos.csproj", "{4ECC6970-F931-4D33-B125-C58954D93917}"
EndProject
Project("{FAE04EC0-301F-11D3-BF4B-00C04F79EFBC}") = "DevPodcasts.DataLayer", "src\DevPodcasts.DataLayer\DevPodcasts.DataLayer.csproj", "{4AE9EE14-21C0-4DB6-AF8A-0AB2D4356470}"
EndProject
Project("{FAE04EC0-301F-11D3-BF4B-00C04F79EFBC}") = "DevPodcasts.Models", "src\DevPodcasts.Models\DevPodcasts.Models.csproj", "{B57CD494-1622-44FD-B8AF-C3504D57B7CC}"
EndProject
Global
	GlobalSection(SolutionConfigurationPlatforms) = preSolution
		Debug|Any CPU = Debug|Any CPU
		Release|Any CPU = Release|Any CPU
	EndGlobalSection
	GlobalSection(ProjectConfigurationPlatforms) = postSolution
		{3B8BC306-1DCB-4CFB-83C9-511A6E95F455}.Debug|Any CPU.ActiveCfg = Debug|Any CPU
		{3B8BC306-1DCB-4CFB-83C9-511A6E95F455}.Debug|Any CPU.Build.0 = Debug|Any CPU
		{3B8BC306-1DCB-4CFB-83C9-511A6E95F455}.Release|Any CPU.ActiveCfg = Release|Any CPU
		{3B8BC306-1DCB-4CFB-83C9-511A6E95F455}.Release|Any CPU.Build.0 = Release|Any CPU
		{FC0B0EFF-2753-4F05-977D-E4F0FBC589F9}.Debug|Any CPU.ActiveCfg = Debug|Any CPU
		{FC0B0EFF-2753-4F05-977D-E4F0FBC589F9}.Debug|Any CPU.Build.0 = Debug|Any CPU
		{FC0B0EFF-2753-4F05-977D-E4F0FBC589F9}.Release|Any CPU.ActiveCfg = Release|Any CPU
		{FC0B0EFF-2753-4F05-977D-E4F0FBC589F9}.Release|Any CPU.Build.0 = Release|Any CPU
		{3A347680-DB28-4AB0-99CF-7636EEAC7515}.Debug|Any CPU.ActiveCfg = Debug|Any CPU
		{3A347680-DB28-4AB0-99CF-7636EEAC7515}.Debug|Any CPU.Build.0 = Debug|Any CPU
		{3A347680-DB28-4AB0-99CF-7636EEAC7515}.Release|Any CPU.ActiveCfg = Release|Any CPU
		{3A347680-DB28-4AB0-99CF-7636EEAC7515}.Release|Any CPU.Build.0 = Release|Any CPU
		{D4A10B8A-464F-4B49-99A5-33E6EE757852}.Debug|Any CPU.ActiveCfg = Debug|Any CPU
		{D4A10B8A-464F-4B49-99A5-33E6EE757852}.Debug|Any CPU.Build.0 = Debug|Any CPU
		{D4A10B8A-464F-4B49-99A5-33E6EE757852}.Release|Any CPU.ActiveCfg = Release|Any CPU
		{D4A10B8A-464F-4B49-99A5-33E6EE757852}.Release|Any CPU.Build.0 = Release|Any CPU
		{DADD403F-5DF9-48BE-9D19-68847B9767AA}.Debug|Any CPU.ActiveCfg = Debug|Any CPU
		{DADD403F-5DF9-48BE-9D19-68847B9767AA}.Debug|Any CPU.Build.0 = Debug|Any CPU
		{DADD403F-5DF9-48BE-9D19-68847B9767AA}.Release|Any CPU.ActiveCfg = Release|Any CPU
		{DADD403F-5DF9-48BE-9D19-68847B9767AA}.Release|Any CPU.Build.0 = Release|Any CPU
		{4ECC6970-F931-4D33-B125-C58954D93917}.Debug|Any CPU.ActiveCfg = Debug|Any CPU
		{4ECC6970-F931-4D33-B125-C58954D93917}.Debug|Any CPU.Build.0 = Debug|Any CPU
		{4ECC6970-F931-4D33-B125-C58954D93917}.Release|Any CPU.ActiveCfg = Release|Any CPU
		{4ECC6970-F931-4D33-B125-C58954D93917}.Release|Any CPU.Build.0 = Release|Any CPU
		{4AE9EE14-21C0-4DB6-AF8A-0AB2D4356470}.Debug|Any CPU.ActiveCfg = Debug|Any CPU
		{4AE9EE14-21C0-4DB6-AF8A-0AB2D4356470}.Debug|Any CPU.Build.0 = Debug|Any CPU
		{4AE9EE14-21C0-4DB6-AF8A-0AB2D4356470}.Release|Any CPU.ActiveCfg = Release|Any CPU
		{4AE9EE14-21C0-4DB6-AF8A-0AB2D4356470}.Release|Any CPU.Build.0 = Release|Any CPU
		{B57CD494-1622-44FD-B8AF-C3504D57B7CC}.Debug|Any CPU.ActiveCfg = Debug|Any CPU
		{B57CD494-1622-44FD-B8AF-C3504D57B7CC}.Debug|Any CPU.Build.0 = Debug|Any CPU
		{B57CD494-1622-44FD-B8AF-C3504D57B7CC}.Release|Any CPU.ActiveCfg = Release|Any CPU
		{B57CD494-1622-44FD-B8AF-C3504D57B7CC}.Release|Any CPU.Build.0 = Release|Any CPU
	EndGlobalSection
	GlobalSection(SolutionProperties) = preSolution
		HideSolutionNode = FALSE
	EndGlobalSection
EndGlobal
